{
  "name": "AI Image Detector",
  "version": "1.0.0",
  "lockfileVersion": 3,
  "requires": true,
  "packages": {
    "": {
      "name": "AI Image Detector",
      "version": "1.0.0",
      "dependencies": {
        "@contentauth/c2pa-web": "^0.15.0",
        "c2pa-js": "^0.0.1-security",
        "exifreader": "^4.45.0"
      }
    },
    "node_modules/@contentauth/c2pa-types": {
      "version": "0.7.4",
      "resolved": "https://registry.npmjs.org/@contentauth/c2pa-types/-/c2pa-types-0.7.4.tgz",
      "integrity": "sha512-lPxm/5yvUqS2LItFMvgfCDWm8yCw9vsW32vrkCPgj4QkzGxQ9WuUkK32eWzsxBL9sCDbCQDNNtFroH6qTaU90w=="
    },
    "node_modules/@contentauth/c2pa-utilities": {
      "version": "0.3.0",
      "resolved": "https://registry.npmjs.org/@contentauth/c2pa-utilities/-/c2pa-utilities-0.3.0.tgz",
      "integrity": "sha512-1rlnqnZrfw5IE85JbIPYybIb65l3o8YJzLUAoD4zHNkEZguhM33hCPw5FE1BHHI1VvNmO8qbKZWok6vL84zdiQ==",
      "license": "MIT",
      "dependencies": {
        "@contentauth/c2pa-types": "0.7.4",
        "ts-deepmerge": "^8.0.0"
      }
    },
    "node_modules/@contentauth/c2pa-wasm": {
      "version": "0.12.0",
      "resolved": "https://registry.npmjs.org/@contentauth/c2pa-wasm/-/c2pa-wasm-0.12.0.tgz",
      "integrity": "sha512-UeWTzJ++UW1MHDogakGp69cSucatsbRy5o0Emsil4RKK3nChsSq0ApBk1LkHdPb1ojDEQGNcUpLdusn+JlSMzA==",
      "license": "MIT"
    },
    "node_modules/@contentauth/c2pa-web": {
      "version": "0.15.0",
      "resolved": "https://registry.npmjs.org/@contentauth/c2pa-web/-/c2pa-web-0.15.0.tgz",
      "integrity": "sha512-iRjXpRPiasTMPXunqaNy/mKgzmqd+HpChFjlOhAPeidcUWnFpbV2MZpIWQXXfD2bWKMm14ITm4dUOBmnZjLcyQ==",
      "license": "MIT",
      "dependencies": {
        "@contentauth/c2pa-types": "0.7.4",
        "@contentauth/c2pa-utilities": "0.3.0",
        "@contentauth/c2pa-wasm": "0.12.0",
        "highgain": "^0.1.0"
      }
    },
    "node_modules/@xmldom/xmldom": {
      "version": "0.9.12",
      "resolved": "https://registry.npmjs.org/@xmldom/xmldom/-/xmldom-0.9.12.tgz",
      "integrity": "sha512-5AXjrcMClTryPe9LgZrygpB1lj7s0S9E0+W+AHaVKAVyHanafK86iPSvG5xHVSp/jC+VH1UXu0TAEmY279xH7A==",
      "license": "MIT",
      "optional": true,
      "engines": {
        "node": ">=14.6"
      }
    },
    "node_modules/c2pa-js": {
      "version": "0.0.1-security",
      "resolved": "https://registry.npmjs.org/c2pa-js/-/c2pa-js-0.0.1-security.tgz",
      "integrity": "sha512-K1JVocDXFAk8GcfkArzk2j59jAgimiIkyOWRHH7wstzQD2CdFB0x6caH0nPTL9o3KILaR5abVz8udRQOjyX7+g=="
    },
    "node_modules/exifreader": {
      "version": "4.45.0",
      "resolved": "https://registry.npmjs.org/exifreader/-/exifreader-4.45.0.tgz",
      "integrity": "sha512-l9WWwOmPo/RRC3mIdUeAllAA2tGknBrUjOaiMYsekpQnO2BAww7R8YFisGxxJSkWang1UM7nsHxDvD++zsZkpw==",
      "hasInstallScript": true,
      "license": "MPL-2.0",
      "bin": {
        "exifreader": "bin/cli.js"
      },
      "optionalDependencies": {
        "@xmldom/xmldom": "^0.9.10"
      }
    },
    "node_modules/highgain": {
      "version": "0.1.0",
      "resolved": "https://registry.npmjs.org/highgain/-/highgain-0.1.0.tgz",
      "integrity": "sha512-Vw/g2upw4MYLZ9e95k79+idMoPFEKvTQVTce9LCDfI+T6AiG+SdiR4WDKszB1grQy0O+uhxd6cqbdi3VhECdbA==",
      "license": "ISC"
    },
    "node_modules/ts-deepmerge": {
      "version": "8.0.0",
      "resolved": "https://registry.npmjs.org/ts-deepmerge/-/ts-deepmerge-8.0.0.tgz",
      "integrity": "sha512-133O+10nJmVI8w5xeVZPEv5PIrv7iaUae07wv1aH8XJH95Ur6YIhWAPhPyP1YPlbPS9fCVcNIZTu7m8urRVF0A==",
      "license": "ISC",
      "engines": {
        "node": ">=14.13.1"
      }
    }
  }
}
